
Microsoft Visual Studio Solution File, Format Version 12.00
# Visual Studio 15
VisualStudioVersion = 15.0.28307.539
MinimumVisualStudioVersion = 10.0.40219.1
Project("{9A19103F-16F7-4668-BE54-9A1E7A4F7556}") = "LazyCache.Testing.Moq", "LazyCache.Testing.Moq\LazyCache.Testing.Moq.csproj", "{4CAAE5E6-EA05-4696-B0D0-F919682FBF08}"
EndProject
Project("{9A19103F-16F7-4668-BE54-9A1E7A4F7556}") = "LazyCache.Testing.Moq.Tests", "LazyCache.Testing.Moq.Tests\LazyCache.Testing.Moq.Tests.csproj", "{482F15C1-FC59-4AA9-BF1C-C2B3F8D42E35}"
EndProject
Project("{2150E333-8FDC-42A3-9474-1A3956D46DE8}") = "Solution Items", "Solution Items", "{1320CF3A-3F61-40AC-B577-CA8B9C1E9D3B}"
	ProjectSection(SolutionItems) = preProject
		..\.gitignore = ..\.gitignore
		LazyCache.Testing.Common\LazyCache.Testing.Common.xml = LazyCache.Testing.Common\LazyCache.Testing.Common.xml
		..\LazyCache.Testing.Moq.nuspec = ..\LazyCache.Testing.Moq.nuspec
		LazyCache.Testing.Moq\LazyCache.Testing.Moq.xml = LazyCache.Testing.Moq\LazyCache.Testing.Moq.xml
		..\LazyCache.Testing.NSubstitute.nuspec = ..\LazyCache.Testing.NSubstitute.nuspec
		LazyCache.Testing.NSubstitute\LazyCache.Testing.NSubstitute.xml = LazyCache.Testing.NSubstitute\LazyCache.Testing.NSubstitute.xml
		..\LICENSE = ..\LICENSE
		..\README.md = ..\README.md
		..\TODO.md = ..\TODO.md
		..\dotcover.xml = ..\dotcover.xml
		..\LazyCache.Testing.dcvr = ..\LazyCache.Testing.dcvr
	EndProjectSection
EndProject
Project("{9A19103F-16F7-4668-BE54-9A1E7A4F7556}") = "LazyCache.Testing.NSubstitute", "LazyCache.Testing.NSubstitute\LazyCache.Testing.NSubstitute.csproj", "{175F661B-1A52-4F60-99B4-EFDC58DE3C20}"
EndProject
Project("{9A19103F-16F7-4668-BE54-9A1E7A4F7556}") = "LazyCache.Testing.NSubstitute.Tests", "LazyCache.Testing.NSubstitute.Tests\LazyCache.Testing.NSubstitute.Tests.csproj", "{136F8D70-E018-4142-97F0-412FDBDC7037}"
EndProject
Project("{9A19103F-16F7-4668-BE54-9A1E7A4F7556}") = "LazyCache.Testing.Common", "LazyCache.Testing.Common\LazyCache.Testing.Common.csproj", "{7BC898BF-5417-4CB2-901E-1FC310DA1430}"
EndProject
Project("{9A19103F-16F7-4668-BE54-9A1E7A4F7556}") = "LazyCache.DefaultBehaviour.Tests", "LazyCache.DefaultBehaviour.Tests\LazyCache.DefaultBehaviour.Tests.csproj", "{7620DBAD-5026-4E2E-A222-DDB20B02EBB9}"
EndProject
Project("{2150E333-8FDC-42A3-9474-1A3956D46DE8}") = "Tests", "Tests", "{EB080F1F-ED22-4008-86AA-3AA97DCE9944}"
EndProject
Project("{9A19103F-16F7-4668-BE54-9A1E7A4F7556}") = "LazyCache.Testing.Common.Tests", "LazyCache.Testing.Common.Tests\LazyCache.Testing.Common.Tests.csproj", "{BB79EAF5-C9BC-4FFD-9020-B9DBD9E3F8FF}"
EndProject
Project("{2150E333-8FDC-42A3-9474-1A3956D46DE8}") = "Package Verification", "Package Verification", "{9E7FC467-B5B0-495B-9F45-B9690DF711F9}"
EndProject
Project("{9A19103F-16F7-4668-BE54-9A1E7A4F7556}") = "LazyCache.Testing.Moq.PackageVerification.Tests", "LazyCache.Testing.Moq.PackageVerification.Tests\LazyCache.Testing.Moq.PackageVerification.Tests.csproj", "{B0E9F74A-1CCB-4232-AF35-FF948B16A3EA}"
EndProject
Project("{FAE04EC0-301F-11D3-BF4B-00C04F79EFBC}") = "LazyCache.Testing.NSubstitute.PackageVerification.Tests", "LazyCache.Testing.NSubstitute.PackageVerification.Tests\LazyCache.Testing.NSubstitute.PackageVerification.Tests.csproj", "{6AB37D41-DB5A-41AE-B5F3-3A4A8AAA8208}"
EndProject
Global
	GlobalSection(SolutionConfigurationPlatforms) = preSolution
		Debug|Any CPU = Debug|Any CPU
		Release|Any CPU = Release|Any CPU
	EndGlobalSection
	GlobalSection(ProjectConfigurationPlatforms) = postSolution
		{4CAAE5E6-EA05-4696-B0D0-F919682FBF08}.Debug|Any CPU.ActiveCfg = Debug|Any CPU
		{4CAAE5E6-EA05-4696-B0D0-F919682FBF08}.Debug|Any CPU.Build.0 = Debug|Any CPU
		{4CAAE5E6-EA05-4696-B0D0-F919682FBF08}.Release|Any CPU.ActiveCfg = Release|Any CPU
		{4CAAE5E6-EA05-4696-B0D0-F919682FBF08}.Release|Any CPU.Build.0 = Release|Any CPU
		{482F15C1-FC59-4AA9-BF1C-C2B3F8D42E35}.Debug|Any CPU.ActiveCfg = Debug|Any CPU
		{482F15C1-FC59-4AA9-BF1C-C2B3F8D42E35}.Debug|Any CPU.Build.0 = Debug|Any CPU
		{482F15C1-FC59-4AA9-BF1C-C2B3F8D42E35}.Release|Any CPU.ActiveCfg = Release|Any CPU
		{482F15C1-FC59-4AA9-BF1C-C2B3F8D42E35}.Release|Any CPU.Build.0 = Release|Any CPU
		{175F661B-1A52-4F60-99B4-EFDC58DE3C20}.Debug|Any CPU.ActiveCfg = Debug|Any CPU
		{175F661B-1A52-4F60-99B4-EFDC58DE3C20}.Debug|Any CPU.Build.0 = Debug|Any CPU
		{175F661B-1A52-4F60-99B4-EFDC58DE3C20}.Release|Any CPU.ActiveCfg = Release|Any CPU
		{175F661B-1A52-4F60-99B4-EFDC58DE3C20}.Release|Any CPU.Build.0 = Release|Any CPU
		{136F8D70-E018-4142-97F0-412FDBDC7037}.Debug|Any CPU.ActiveCfg = Debug|Any CPU
		{136F8D70-E018-4142-97F0-412FDBDC7037}.Debug|Any CPU.Build.0 = Debug|Any CPU
		{136F8D70-E018-4142-97F0-412FDBDC7037}.Release|Any CPU.ActiveCfg = Release|Any CPU
		{136F8D70-E018-4142-97F0-412FDBDC7037}.Release|Any CPU.Build.0 = Release|Any CPU
		{7BC898BF-5417-4CB2-901E-1FC310DA1430}.Debug|Any CPU.ActiveCfg = Debug|Any CPU
		{7BC898BF-5417-4CB2-901E-1FC310DA1430}.Debug|Any CPU.Build.0 = Debug|Any CPU
		{7BC898BF-5417-4CB2-901E-1FC310DA1430}.Release|Any CPU.ActiveCfg = Release|Any CPU
		{7BC898BF-5417-4CB2-901E-1FC310DA1430}.Release|Any CPU.Build.0 = Release|Any CPU
		{7620DBAD-5026-4E2E-A222-DDB20B02EBB9}.Debug|Any CPU.ActiveCfg = Debug|Any CPU
		{7620DBAD-5026-4E2E-A222-DDB20B02EBB9}.Debug|Any CPU.Build.0 = Debug|Any CPU
		{7620DBAD-5026-4E2E-A222-DDB20B02EBB9}.Release|Any CPU.ActiveCfg = Release|Any CPU
		{7620DBAD-5026-4E2E-A222-DDB20B02EBB9}.Release|Any CPU.Build.0 = Release|Any CPU
		{BB79EAF5-C9BC-4FFD-9020-B9DBD9E3F8FF}.Debug|Any CPU.ActiveCfg = Debug|Any CPU
		{BB79EAF5-C9BC-4FFD-9020-B9DBD9E3F8FF}.Debug|Any CPU.Build.0 = Debug|Any CPU
		{BB79EAF5-C9BC-4FFD-9020-B9DBD9E3F8FF}.Release|Any CPU.ActiveCfg = Release|Any CPU
		{BB79EAF5-C9BC-4FFD-9020-B9DBD9E3F8FF}.Release|Any CPU.Build.0 = Release|Any CPU
		{B0E9F74A-1CCB-4232-AF35-FF948B16A3EA}.Debug|Any CPU.ActiveCfg = Debug|Any CPU
		{B0E9F74A-1CCB-4232-AF35-FF948B16A3EA}.Debug|Any CPU.Build.0 = Debug|Any CPU
		{B0E9F74A-1CCB-4232-AF35-FF948B16A3EA}.Release|Any CPU.ActiveCfg = Release|Any CPU
		{B0E9F74A-1CCB-4232-AF35-FF948B16A3EA}.Release|Any CPU.Build.0 = Release|Any CPU
		{6AB37D41-DB5A-41AE-B5F3-3A4A8AAA8208}.Debug|Any CPU.ActiveCfg = Debug|Any CPU
		{6AB37D41-DB5A-41AE-B5F3-3A4A8AAA8208}.Debug|Any CPU.Build.0 = Debug|Any CPU
		{6AB37D41-DB5A-41AE-B5F3-3A4A8AAA8208}.Release|Any CPU.ActiveCfg = Release|Any CPU
		{6AB37D41-DB5A-41AE-B5F3-3A4A8AAA8208}.Release|Any CPU.Build.0 = Release|Any CPU
	EndGlobalSection
	GlobalSection(SolutionProperties) = preSolution
		HideSolutionNode = FALSE
	EndGlobalSection
	GlobalSection(NestedProjects) = preSolution
		{482F15C1-FC59-4AA9-BF1C-C2B3F8D42E35} = {EB080F1F-ED22-4008-86AA-3AA97DCE9944}
		{136F8D70-E018-4142-97F0-412FDBDC7037} = {EB080F1F-ED22-4008-86AA-3AA97DCE9944}
		{7620DBAD-5026-4E2E-A222-DDB20B02EBB9} = {EB080F1F-ED22-4008-86AA-3AA97DCE9944}
		{BB79EAF5-C9BC-4FFD-9020-B9DBD9E3F8FF} = {EB080F1F-ED22-4008-86AA-3AA97DCE9944}
		{B0E9F74A-1CCB-4232-AF35-FF948B16A3EA} = {9E7FC467-B5B0-495B-9F45-B9690DF711F9}
		{6AB37D41-DB5A-41AE-B5F3-3A4A8AAA8208} = {9E7FC467-B5B0-495B-9F45-B9690DF711F9}
	EndGlobalSection
	GlobalSection(ExtensibilityGlobals) = postSolution
		SolutionGuid = {9754E2BB-3BC8-410B-84AC-62BD9E24951F}
	EndGlobalSection
EndGlobal
